
Microsoft Visual Studio Solution File, Format Version 12.00
# Visual Studio 15
VisualStudioVersion = 15.0.26124.0
MinimumVisualStudioVersion = 15.0.26124.0
Project("{9A19103F-16F7-4668-BE54-9A1E7A4F7556}") = "R5T.Suebia.Hastings.Construction", "R5T.Suebia.Hastings.Construction\R5T.Suebia.Hastings.Construction.csproj", "{BFA7A481-7907-4ABA-941C-31D50A58564E}"
EndProject
Project("{9A19103F-16F7-4668-BE54-9A1E7A4F7556}") = "R5T.Suebia.Hastings", "R5T.Suebia.Hastings\R5T.Suebia.Hastings.csproj", "{C011A544-2028-41E3-866E-0616450AF178}"
EndProject
Project("{9A19103F-16F7-4668-BE54-9A1E7A4F7556}") = "R5T.Suebia.Hastings.Testing", "R5T.Suebia.Hastings.Testing\R5T.Suebia.Hastings.Testing.csproj", "{E0B21D74-FC3A-4EF3-B1E6-70CD77A1857F}"
EndProject
Project("{2150E333-8FDC-42A3-9474-1A3956D46DE8}") = "_Dependencies", "_Dependencies", "{CFB9F8FA-0A58-4C72-B1ED-AC331BC5584F}"
EndProject
Project("{9A19103F-16F7-4668-BE54-9A1E7A4F7556}") = "R5T.Hastings.Base", "..\..\R5T.Hastings.Base\source\R5T.Hastings.Base\R5T.Hastings.Base.csproj", "{F32C52F7-304A-4627-9972-83C5C79D0908}"
EndProject
Project("{9A19103F-16F7-4668-BE54-9A1E7A4F7556}") = "R5T.Delos", "..\..\R5T.Delos\source\R5T.Delos\R5T.Delos.csproj", "{BA67BD33-6278-4A50-BF3E-A65B59D7252E}"
EndProject
Project("{9A19103F-16F7-4668-BE54-9A1E7A4F7556}") = "R5T.Stagira", "..\..\R5T.Stagira\source\R5T.Stagira\R5T.Stagira.csproj", "{BF051F9F-874D-436E-931F-402FDE62EBED}"
EndProject
Project("{9A19103F-16F7-4668-BE54-9A1E7A4F7556}") = "R5T.Suebia.Base", "..\..\R5T.Suebia.Base\source\R5T.Suebia.Base\R5T.Suebia.Base.csproj", "{BEA7B283-AF8B-49AC-A938-C7EC195088E6}"
EndProject
Project("{9A19103F-16F7-4668-BE54-9A1E7A4F7556}") = "R5T.Brighton", "..\..\R5T.Brighton\source\R5T.Brighton\R5T.Brighton.csproj", "{4C66E904-E154-4113-A3A7-2B68ED99D834}"
EndProject
Project("{9A19103F-16F7-4668-BE54-9A1E7A4F7556}") = "R5T.Macommania.Base", "..\..\R5T.Macommania.Base\source\R5T.Macommania.Base\R5T.Macommania.Base.csproj", "{61E8DCAB-69A4-4E80-BFEE-7D9C04175FF3}"
EndProject
Project("{9A19103F-16F7-4668-BE54-9A1E7A4F7556}") = "R5T.Suebia.Alamania", "..\..\R5T.Suebia.Alamania\source\R5T.Suebia.Alamania\R5T.Suebia.Alamania.csproj", "{E6A62960-E48A-4606-93FA-2B7943FCB789}"
EndProject
Project("{9A19103F-16F7-4668-BE54-9A1E7A4F7556}") = "R5T.Alamania.Base", "..\..\R5T.Alamania.Base\source\R5T.Alamania.Base\R5T.Alamania.Base.csproj", "{225B491B-0467-497D-90D4-B56CC9CF8336}"
EndProject
Project("{9A19103F-16F7-4668-BE54-9A1E7A4F7556}") = "R5T.Lombardy.Base", "..\..\R5T.Lombardy.Base\source\R5T.Lombardy.Base\R5T.Lombardy.Base.csproj", "{AB463280-C4D4-498E-AD34-D1907309997A}"
EndProject
Project("{9A19103F-16F7-4668-BE54-9A1E7A4F7556}") = "R5T.Ostrogothia", "..\..\R5T.Ostrogothia\source\R5T.Ostrogothia\R5T.Ostrogothia.csproj", "{9B5781D9-1B32-42EE-A49C-B238A995F652}"
EndProject
Global
	GlobalSection(SolutionConfigurationPlatforms) = preSolution
		Debug|Any CPU = Debug|Any CPU
		Debug|x64 = Debug|x64
		Debug|x86 = Debug|x86
		Release|Any CPU = Release|Any CPU
		Release|x64 = Release|x64
		Release|x86 = Release|x86
	EndGlobalSection
	GlobalSection(ProjectConfigurationPlatforms) = postSolution
		{BFA7A481-7907-4ABA-941C-31D50A58564E}.Debug|Any CPU.ActiveCfg = Debug|Any CPU
		{BFA7A481-7907-4ABA-941C-31D50A58564E}.Debug|Any CPU.Build.0 = Debug|Any CPU
		{BFA7A481-7907-4ABA-941C-31D50A58564E}.Debug|x64.ActiveCfg = Debug|Any CPU
		{BFA7A481-7907-4ABA-941C-31D50A58564E}.Debug|x64.Build.0 = Debug|Any CPU
		{BFA7A481-7907-4ABA-941C-31D50A58564E}.Debug|x86.ActiveCfg = Debug|Any CPU
		{BFA7A481-7907-4ABA-941C-31D50A58564E}.Debug|x86.Build.0 = Debug|Any CPU
		{BFA7A481-7907-4ABA-941C-31D50A58564E}.Release|Any CPU.ActiveCfg = Release|Any CPU
		{BFA7A481-7907-4ABA-941C-31D50A58564E}.Release|Any CPU.Build.0 = Release|Any CPU
		{BFA7A481-7907-4ABA-941C-31D50A58564E}.Release|x64.ActiveCfg = Release|Any CPU
		{BFA7A481-7907-4ABA-941C-31D50A58564E}.Release|x64.Build.0 = Release|Any CPU
		{BFA7A481-7907-4ABA-941C-31D50A58564E}.Release|x86.ActiveCfg = Release|Any CPU
		{BFA7A481-7907-4ABA-941C-31D50A58564E}.Release|x86.Build.0 = Release|Any CPU
		{C011A544-2028-41E3-866E-0616450AF178}.Debug|Any CPU.ActiveCfg = Debug|Any CPU
		{C011A544-2028-41E3-866E-0616450AF178}.Debug|Any CPU.Build.0 = Debug|Any CPU
		{C011A544-2028-41E3-866E-0616450AF178}.Debug|x64.ActiveCfg = Debug|Any CPU
		{C011A544-2028-41E3-866E-0616450AF178}.Debug|x64.Build.0 = Debug|Any CPU
		{C011A544-2028-41E3-866E-0616450AF178}.Debug|x86.ActiveCfg = Debug|Any CPU
		{C011A544-2028-41E3-866E-0616450AF178}.Debug|x86.Build.0 = Debug|Any CPU
		{C011A544-2028-41E3-866E-0616450AF178}.Release|Any CPU.ActiveCfg = Release|Any CPU
		{C011A544-2028-41E3-866E-0616450AF178}.Release|Any CPU.Build.0 = Release|Any CPU
		{C011A544-2028-41E3-866E-0616450AF178}.Release|x64.ActiveCfg = Release|Any CPU
		{C011A544-2028-41E3-866E-0616450AF178}.Release|x64.Build.0 = Release|Any CPU
		{C011A544-2028-41E3-866E-0616450AF178}.Release|x86.ActiveCfg = Release|Any CPU
		{C011A544-2028-41E3-866E-0616450AF178}.Release|x86.Build.0 = Release|Any CPU
		{E0B21D74-FC3A-4EF3-B1E6-70CD77A1857F}.Debug|Any CPU.ActiveCfg = Debug|Any CPU
		{E0B21D74-FC3A-4EF3-B1E6-70CD77A1857F}.Debug|Any CPU.Build.0 = Debug|Any CPU
		{E0B21D74-FC3A-4EF3-B1E6-70CD77A1857F}.Debug|x64.ActiveCfg = Debug|Any CPU
		{E0B21D74-FC3A-4EF3-B1E6-70CD77A1857F}.Debug|x64.Build.0 = Debug|Any CPU
		{E0B21D74-FC3A-4EF3-B1E6-70CD77A1857F}.Debug|x86.ActiveCfg = Debug|Any CPU
		{E0B21D74-FC3A-4EF3-B1E6-70CD77A1857F}.Debug|x86.Build.0 = Debug|Any CPU
		{E0B21D74-FC3A-4EF3-B1E6-70CD77A1857F}.Release|Any CPU.ActiveCfg = Release|Any CPU
		{E0B21D74-FC3A-4EF3-B1E6-70CD77A1857F}.Release|Any CPU.Build.0 = Release|Any CPU
		{E0B21D74-FC3A-4EF3-B1E6-70CD77A1857F}.Release|x64.ActiveCfg = Release|Any CPU
		{E0B21D74-FC3A-4EF3-B1E6-70CD77A1857F}.Release|x64.Build.0 = Release|Any CPU
		{E0B21D74-FC3A-4EF3-B1E6-70CD77A1857F}.Release|x86.ActiveCfg = Release|Any CPU
		{E0B21D74-FC3A-4EF3-B1E6-70CD77A1857F}.Release|x86.Build.0 = Release|Any CPU
		{F32C52F7-304A-4627-9972-83C5C79D0908}.Debug|Any CPU.ActiveCfg = Debug|Any CPU
		{F32C52F7-304A-4627-9972-83C5C79D0908}.Debug|Any CPU.Build.0 = Debug|Any CPU
		{F32C52F7-304A-4627-9972-83C5C79D0908}.Debug|x64.ActiveCfg = Debug|Any CPU
		{F32C52F7-304A-4627-9972-83C5C79D0908}.Debug|x64.Build.0 = Debug|Any CPU
		{F32C52F7-304A-4627-9972-83C5C79D0908}.Debug|x86.ActiveCfg = Debug|Any CPU
		{F32C52F7-304A-4627-9972-83C5C79D0908}.Debug|x86.Build.0 = Debug|Any CPU
		{F32C52F7-304A-4627-9972-83C5C79D0908}.Release|Any CPU.ActiveCfg = Release|Any CPU
		{F32C52F7-304A-4627-9972-83C5C79D0908}.Release|Any CPU.Build.0 = Release|Any CPU
		{F32C52F7-304A-4627-9972-83C5C79D0908}.Release|x64.ActiveCfg = Release|Any CPU
		{F32C52F7-304A-4627-9972-83C5C79D0908}.Release|x64.Build.0 = Release|Any CPU
		{F32C52F7-304A-4627-9972-83C5C79D0908}.Release|x86.ActiveCfg = Release|Any CPU
		{F32C52F7-304A-4627-9972-83C5C79D0908}.Release|x86.Build.0 = Release|Any CPU
		{BA67BD33-6278-4A50-BF3E-A65B59D7252E}.Debug|Any CPU.ActiveCfg = Debug|Any CPU
		{BA67BD33-6278-4A50-BF3E-A65B59D7252E}.Debug|Any CPU.Build.0 = Debug|Any CPU
		{BA67BD33-6278-4A50-BF3E-A65B59D7252E}.Debug|x64.ActiveCfg = Debug|Any CPU
		{BA67BD33-6278-4A50-BF3E-A65B59D7252E}.Debug|x64.Build.0 = Debug|Any CPU
		{BA67BD33-6278-4A50-BF3E-A65B59D7252E}.Debug|x86.ActiveCfg = Debug|Any CPU
		{BA67BD33-6278-4A50-BF3E-A65B59D7252E}.Debug|x86.Build.0 = Debug|Any CPU
		{BA67BD33-6278-4A50-BF3E-A65B59D7252E}.Release|Any CPU.ActiveCfg = Release|Any CPU
		{BA67BD33-6278-4A50-BF3E-A65B59D7252E}.Release|Any CPU.Build.0 = Release|Any CPU
		{BA67BD33-6278-4A50-BF3E-A65B59D7252E}.Release|x64.ActiveCfg = Release|Any CPU
		{BA67BD33-6278-4A50-BF3E-A65B59D7252E}.Release|x64.Build.0 = Release|Any CPU
		{BA67BD33-6278-4A50-BF3E-A65B59D7252E}.Release|x86.ActiveCfg = Release|Any CPU
		{BA67BD33-6278-4A50-BF3E-A65B59D7252E}.Release|x86.Build.0 = Release|Any CPU
		{BF051F9F-874D-436E-931F-402FDE62EBED}.Debug|Any CPU.ActiveCfg = Debug|Any CPU
		{BF051F9F-874D-436E-931F-402FDE62EBED}.Debug|Any CPU.Build.0 = Debug|Any CPU
		{BF051F9F-874D-436E-931F-402FDE62EBED}.Debug|x64.ActiveCfg = Debug|Any CPU
		{BF051F9F-874D-436E-931F-402FDE62EBED}.Debug|x64.Build.0 = Debug|Any CPU
		{BF051F9F-874D-436E-931F-402FDE62EBED}.Debug|x86.ActiveCfg = Debug|Any CPU
		{BF051F9F-874D-436E-931F-402FDE62EBED}.Debug|x86.Build.0 = Debug|Any CPU
		{BF051F9F-874D-436E-931F-402FDE62EBED}.Release|Any CPU.ActiveCfg = Release|Any CPU
		{BF051F9F-874D-436E-931F-402FDE62EBED}.Release|Any CPU.Build.0 = Release|Any CPU
		{BF051F9F-874D-436E-931F-402FDE62EBED}.Release|x64.ActiveCfg = Release|Any CPU
		{BF051F9F-874D-436E-931F-402FDE62EBED}.Release|x64.Build.0 = Release|Any CPU
		{BF051F9F-874D-436E-931F-402FDE62EBED}.Release|x86.ActiveCfg = Release|Any CPU
		{BF051F9F-874D-436E-931F-402FDE62EBED}.Release|x86.Build.0 = Release|Any CPU
		{BEA7B283-AF8B-49AC-A938-C7EC195088E6}.Debug|Any CPU.ActiveCfg = Debug|Any CPU
		{BEA7B283-AF8B-49AC-A938-C7EC195088E6}.Debug|Any CPU.Build.0 = Debug|Any CPU
		{BEA7B283-AF8B-49AC-A938-C7EC195088E6}.Debug|x64.ActiveCfg = Debug|Any CPU
		{BEA7B283-AF8B-49AC-A938-C7EC195088E6}.Debug|x64.Build.0 = Debug|Any CPU
		{BEA7B283-AF8B-49AC-A938-C7EC195088E6}.Debug|x86.ActiveCfg = Debug|Any CPU
		{BEA7B283-AF8B-49AC-A938-C7EC195088E6}.Debug|x86.Build.0 = Debug|Any CPU
		{BEA7B283-AF8B-49AC-A938-C7EC195088E6}.Release|Any CPU.ActiveCfg = Release|Any CPU
		{BEA7B283-AF8B-49AC-A938-C7EC195088E6}.Release|Any CPU.Build.0 = Release|Any CPU
		{BEA7B283-AF8B-49AC-A938-C7EC195088E6}.Release|x64.ActiveCfg = Release|Any CPU
		{BEA7B283-AF8B-49AC-A938-C7EC195088E6}.Release|x64.Build.0 = Release|Any CPU
		{BEA7B283-AF8B-49AC-A938-C7EC195088E6}.Release|x86.ActiveCfg = Release|Any CPU
		{BEA7B283-AF8B-49AC-A938-C7EC195088E6}.Release|x86.Build.0 = Release|Any CPU
		{4C66E904-E154-4113-A3A7-2B68ED99D834}.Debug|Any CPU.ActiveCfg = Debug|Any CPU
		{4C66E904-E154-4113-A3A7-2B68ED99D834}.Debug|Any CPU.Build.0 = Debug|Any CPU
		{4C66E904-E154-4113-A3A7-2B68ED99D834}.Debug|x64.ActiveCfg = Debug|Any CPU
		{4C66E904-E154-4113-A3A7-2B68ED99D834}.Debug|x64.Build.0 = Debug|Any CPU
		{4C66E904-E154-4113-A3A7-2B68ED99D834}.Debug|x86.ActiveCfg = Debug|Any CPU
		{4C66E904-E154-4113-A3A7-2B68ED99D834}.Debug|x86.Build.0 = Debug|Any CPU
		{4C66E904-E154-4113-A3A7-2B68ED99D834}.Release|Any CPU.ActiveCfg = Release|Any CPU
		{4C66E904-E154-4113-A3A7-2B68ED99D834}.Release|Any CPU.Build.0 = Release|Any CPU
		{4C66E904-E154-4113-A3A7-2B68ED99D834}.Release|x64.ActiveCfg = Release|Any CPU
		{4C66E904-E154-4113-A3A7-2B68ED99D834}.Release|x64.Build.0 = Release|Any CPU
		{4C66E904-E154-4113-A3A7-2B68ED99D834}.Release|x86.ActiveCfg = Release|Any CPU
		{4C66E904-E154-4113-A3A7-2B68ED99D834}.Release|x86.Build.0 = Release|Any CPU
		{61E8DCAB-69A4-4E80-BFEE-7D9C04175FF3}.Debug|Any CPU.ActiveCfg = Debug|Any CPU
		{61E8DCAB-69A4-4E80-BFEE-7D9C04175FF3}.Debug|Any CPU.Build.0 = Debug|Any CPU
		{61E8DCAB-69A4-4E80-BFEE-7D9C04175FF3}.Debug|x64.ActiveCfg = Debug|Any CPU
		{61E8DCAB-69A4-4E80-BFEE-7D9C04175FF3}.Debug|x64.Build.0 = Debug|Any CPU
		{61E8DCAB-69A4-4E80-BFEE-7D9C04175FF3}.Debug|x86.ActiveCfg = Debug|Any CPU
		{61E8DCAB-69A4-4E80-BFEE-7D9C04175FF3}.Debug|x86.Build.0 = Debug|Any CPU
		{61E8DCAB-69A4-4E80-BFEE-7D9C04175FF3}.Release|Any CPU.ActiveCfg = Release|Any CPU
		{61E8DCAB-69A4-4E80-BFEE-7D9C04175FF3}.Release|Any CPU.Build.0 = Release|Any CPU
		{61E8DCAB-69A4-4E80-BFEE-7D9C04175FF3}.Release|x64.ActiveCfg = Release|Any CPU
		{61E8DCAB-69A4-4E80-BFEE-7D9C04175FF3}.Release|x64.Build.0 = Release|Any CPU
		{61E8DCAB-69A4-4E80-BFEE-7D9C04175FF3}.Release|x86.ActiveCfg = Release|Any CPU
		{61E8DCAB-69A4-4E80-BFEE-7D9C04175FF3}.Release|x86.Build.0 = Release|Any CPU
		{E6A62960-E48A-4606-93FA-2B7943FCB789}.Debug|Any CPU.ActiveCfg = Debug|Any CPU
		{E6A62960-E48A-4606-93FA-2B7943FCB789}.Debug|Any CPU.Build.0 = Debug|Any CPU
		{E6A62960-E48A-4606-93FA-2B7943FCB789}.Debug|x64.ActiveCfg = Debug|Any CPU
		{E6A62960-E48A-4606-93FA-2B7943FCB789}.Debug|x64.Build.0 = Debug|Any CPU
		{E6A62960-E48A-4606-93FA-2B7943FCB789}.Debug|x86.ActiveCfg = Debug|Any CPU
		{E6A62960-E48A-4606-93FA-2B7943FCB789}.Debug|x86.Build.0 = Debug|Any CPU
		{E6A62960-E48A-4606-93FA-2B7943FCB789}.Release|Any CPU.ActiveCfg = Release|Any CPU
		{E6A62960-E48A-4606-93FA-2B7943FCB789}.Release|Any CPU.Build.0 = Release|Any CPU
		{E6A62960-E48A-4606-93FA-2B7943FCB789}.Release|x64.ActiveCfg = Release|Any CPU
		{E6A62960-E48A-4606-93FA-2B7943FCB789}.Release|x64.Build.0 = Release|Any CPU
		{E6A62960-E48A-4606-93FA-2B7943FCB789}.Release|x86.ActiveCfg = Release|Any CPU
		{E6A62960-E48A-4606-93FA-2B7943FCB789}.Release|x86.Build.0 = Release|Any CPU
		{225B491B-0467-497D-90D4-B56CC9CF8336}.Debug|Any CPU.ActiveCfg = Debug|Any CPU
		{225B491B-0467-497D-90D4-B56CC9CF8336}.Debug|Any CPU.Build.0 = Debug|Any CPU
		{225B491B-0467-497D-90D4-B56CC9CF8336}.Debug|x64.ActiveCfg = Debug|Any CPU
		{225B491B-0467-497D-90D4-B56CC9CF8336}.Debug|x64.Build.0 = Debug|Any CPU
		{225B491B-0467-497D-90D4-B56CC9CF8336}.Debug|x86.ActiveCfg = Debug|Any CPU
		{225B491B-0467-497D-90D4-B56CC9CF8336}.Debug|x86.Build.0 = Debug|Any CPU
		{225B491B-0467-497D-90D4-B56CC9CF8336}.Release|Any CPU.ActiveCfg = Release|Any CPU
		{225B491B-0467-497D-90D4-B56CC9CF8336}.Release|Any CPU.Build.0 = Release|Any CPU
		{225B491B-0467-497D-90D4-B56CC9CF8336}.Release|x64.ActiveCfg = Release|Any CPU
		{225B491B-0467-497D-90D4-B56CC9CF8336}.Release|x64.Build.0 = Release|Any CPU
		{225B491B-0467-497D-90D4-B56CC9CF8336}.Release|x86.ActiveCfg = Release|Any CPU
		{225B491B-0467-497D-90D4-B56CC9CF8336}.Release|x86.Build.0 = Release|Any CPU
		{AB463280-C4D4-498E-AD34-D1907309997A}.Debug|Any CPU.ActiveCfg = Debug|Any CPU
		{AB463280-C4D4-498E-AD34-D1907309997A}.Debug|Any CPU.Build.0 = Debug|Any CPU
		{AB463280-C4D4-498E-AD34-D1907309997A}.Debug|x64.ActiveCfg = Debug|Any CPU
		{AB463280-C4D4-498E-AD34-D1907309997A}.Debug|x64.Build.0 = Debug|Any CPU
		{AB463280-C4D4-498E-AD34-D1907309997A}.Debug|x86.ActiveCfg = Debug|Any CPU
		{AB463280-C4D4-498E-AD34-D1907309997A}.Debug|x86.Build.0 = Debug|Any CPU
		{AB463280-C4D4-498E-AD34-D1907309997A}.Release|Any CPU.ActiveCfg = Release|Any CPU
		{AB463280-C4D4-498E-AD34-D1907309997A}.Release|Any CPU.Build.0 = Release|Any CPU
		{AB463280-C4D4-498E-AD34-D1907309997A}.Release|x64.ActiveCfg = Release|Any CPU
		{AB463280-C4D4-498E-AD34-D1907309997A}.Release|x64.Build.0 = Release|Any CPU
		{AB463280-C4D4-498E-AD34-D1907309997A}.Release|x86.ActiveCfg = Release|Any CPU
		{AB463280-C4D4-498E-AD34-D1907309997A}.Release|x86.Build.0 = Release|Any CPU
		{9B5781D9-1B32-42EE-A49C-B238A995F652}.Debug|Any CPU.ActiveCfg = Debug|Any CPU
		{9B5781D9-1B32-42EE-A49C-B238A995F652}.Debug|Any CPU.Build.0 = Debug|Any CPU
		{9B5781D9-1B32-42EE-A49C-B238A995F652}.Debug|x64.ActiveCfg = Debug|Any CPU
		{9B5781D9-1B32-42EE-A49C-B238A995F652}.Debug|x64.Build.0 = Debug|Any CPU
		{9B5781D9-1B32-42EE-A49C-B238A995F652}.Debug|x86.ActiveCfg = Debug|Any CPU
		{9B5781D9-1B32-42EE-A49C-B238A995F652}.Debug|x86.Build.0 = Debug|Any CPU
		{9B5781D9-1B32-42EE-A49C-B238A995F652}.Release|Any CPU.ActiveCfg = Release|Any CPU
		{9B5781D9-1B32-42EE-A49C-B238A995F652}.Release|Any CPU.Build.0 = Release|Any CPU
		{9B5781D9-1B32-42EE-A49C-B238A995F652}.Release|x64.ActiveCfg = Release|Any CPU
		{9B5781D9-1B32-42EE-A49C-B238A995F652}.Release|x64.Build.0 = Release|Any CPU
		{9B5781D9-1B32-42EE-A49C-B238A995F652}.Release|x86.ActiveCfg = Release|Any CPU
		{9B5781D9-1B32-42EE-A49C-B238A995F652}.Release|x86.Build.0 = Release|Any CPU
	EndGlobalSection
	GlobalSection(SolutionProperties) = preSolution
		HideSolutionNode = FALSE
	EndGlobalSection
	GlobalSection(NestedProjects) = preSolution
		{F32C52F7-304A-4627-9972-83C5C79D0908} = {CFB9F8FA-0A58-4C72-B1ED-AC331BC5584F}
		{BA67BD33-6278-4A50-BF3E-A65B59D7252E} = {CFB9F8FA-0A58-4C72-B1ED-AC331BC5584F}
		{BF051F9F-874D-436E-931F-402FDE62EBED} = {CFB9F8FA-0A58-4C72-B1ED-AC331BC5584F}
		{BEA7B283-AF8B-49AC-A938-C7EC195088E6} = {CFB9F8FA-0A58-4C72-B1ED-AC331BC5584F}
		{4C66E904-E154-4113-A3A7-2B68ED99D834} = {CFB9F8FA-0A58-4C72-B1ED-AC331BC5584F}
		{61E8DCAB-69A4-4E80-BFEE-7D9C04175FF3} = {CFB9F8FA-0A58-4C72-B1ED-AC331BC5584F}
		{E6A62960-E48A-4606-93FA-2B7943FCB789} = {CFB9F8FA-0A58-4C72-B1ED-AC331BC5584F}
		{225B491B-0467-497D-90D4-B56CC9CF8336} = {CFB9F8FA-0A58-4C72-B1ED-AC331BC5584F}
		{AB463280-C4D4-498E-AD34-D1907309997A} = {CFB9F8FA-0A58-4C72-B1ED-AC331BC5584F}
		{9B5781D9-1B32-42EE-A49C-B238A995F652} = {CFB9F8FA-0A58-4C72-B1ED-AC331BC5584F}
	EndGlobalSection
	GlobalSection(ExtensibilityGlobals) = postSolution
		SolutionGuid = {B66976AE-E449-450B-8866-76850B743F10}
	EndGlobalSection
EndGlobal
